
Microsoft Visual Studio Solution File, Format Version 12.00
# Visual Studio Version 17
VisualStudioVersion = 17.8.34408.163
MinimumVisualStudioVersion = 10.0.40219.1
Project("{9A19103F-16F7-4668-BE54-9A1E7A4F7556}") = "Centric2024.Core", "Centric2024.Core\Centric2024.Core.csproj", "{4B6637ED-EFB6-4440-8107-C7581EEDD23F}"
EndProject
Project("{9A19103F-16F7-4668-BE54-9A1E7A4F7556}") = "Centric2024.TheMealDb", "Centric2024.TheMealDb\Centric2024.TheMealDb.csproj", "{568BFBB8-8A55-4E5C-AA12-01AC6C3EBCC4}"
EndProject
Project("{9A19103F-16F7-4668-BE54-9A1E7A4F7556}") = "Centric2024.Api", "Centric2024.Api\Centric2024.Api.csproj", "{16D2A354-A647-43D1-843F-1C35D619A4B2}"
EndProject
Project("{9A19103F-16F7-4668-BE54-9A1E7A4F7556}") = "Centric2024.Contracts", "Centric2024.Contracts\Centric2024.Contracts.csproj", "{D2DA6C67-F5B1-4AE5-871D-3E87583FA7AC}"
EndProject
Project("{2150E333-8FDC-42A3-9474-1A3956D46DE8}") = "Test", "Test", "{9085828B-455B-48FE-8341-BE8FDF90876A}"
EndProject
Project("{FAE04EC0-301F-11D3-BF4B-00C04F79EFBC}") = "Centric2024.Core.Tests", "Centric2024.Core.Tests\Centric2024.Core.Tests.csproj", "{9A3582BC-C1C6-444D-835C-C434A0CF23EE}"
EndProject
Project("{FAE04EC0-301F-11D3-BF4B-00C04F79EFBC}") = "Centric2024.Tests.Common", "Centric2024.Tests.Common\Centric2024.Tests.Common.csproj", "{89DFFB65-D96F-46FD-9413-559933F8FCCC}"
EndProject
Project("{FAE04EC0-301F-11D3-BF4B-00C04F79EFBC}") = "Centric2024.TheMealDb.Tests", "Centric2024.TheMealDb.Tests\Centric2024.TheMealDb.Tests.csproj", "{BB4E5ACB-6E70-4050-B217-B3EDA9D4F0E6}"
EndProject
Global
	GlobalSection(SolutionConfigurationPlatforms) = preSolution
		Debug|Any CPU = Debug|Any CPU
		Release|Any CPU = Release|Any CPU
	EndGlobalSection
	GlobalSection(ProjectConfigurationPlatforms) = postSolution
		{4B6637ED-EFB6-4440-8107-C7581EEDD23F}.Debug|Any CPU.ActiveCfg = Debug|Any CPU
		{4B6637ED-EFB6-4440-8107-C7581EEDD23F}.Debug|Any CPU.Build.0 = Debug|Any CPU
		{4B6637ED-EFB6-4440-8107-C7581EEDD23F}.Release|Any CPU.ActiveCfg = Release|Any CPU
		{4B6637ED-EFB6-4440-8107-C7581EEDD23F}.Release|Any CPU.Build.0 = Release|Any CPU
		{568BFBB8-8A55-4E5C-AA12-01AC6C3EBCC4}.Debug|Any CPU.ActiveCfg = Debug|Any CPU
		{568BFBB8-8A55-4E5C-AA12-01AC6C3EBCC4}.Debug|Any CPU.Build.0 = Debug|Any CPU
		{568BFBB8-8A55-4E5C-AA12-01AC6C3EBCC4}.Release|Any CPU.ActiveCfg = Release|Any CPU
		{568BFBB8-8A55-4E5C-AA12-01AC6C3EBCC4}.Release|Any CPU.Build.0 = Release|Any CPU
		{16D2A354-A647-43D1-843F-1C35D619A4B2}.Debug|Any CPU.ActiveCfg = Debug|Any CPU
		{16D2A354-A647-43D1-843F-1C35D619A4B2}.Debug|Any CPU.Build.0 = Debug|Any CPU
		{16D2A354-A647-43D1-843F-1C35D619A4B2}.Release|Any CPU.ActiveCfg = Release|Any CPU
		{16D2A354-A647-43D1-843F-1C35D619A4B2}.Release|Any CPU.Build.0 = Release|Any CPU
		{D2DA6C67-F5B1-4AE5-871D-3E87583FA7AC}.Debug|Any CPU.ActiveCfg = Debug|Any CPU
		{D2DA6C67-F5B1-4AE5-871D-3E87583FA7AC}.Debug|Any CPU.Build.0 = Debug|Any CPU
		{D2DA6C67-F5B1-4AE5-871D-3E87583FA7AC}.Release|Any CPU.ActiveCfg = Release|Any CPU
		{D2DA6C67-F5B1-4AE5-871D-3E87583FA7AC}.Release|Any CPU.Build.0 = Release|Any CPU
		{9A3582BC-C1C6-444D-835C-C434A0CF23EE}.Debug|Any CPU.ActiveCfg = Debug|Any CPU
		{9A3582BC-C1C6-444D-835C-C434A0CF23EE}.Debug|Any CPU.Build.0 = Debug|Any CPU
		{9A3582BC-C1C6-444D-835C-C434A0CF23EE}.Release|Any CPU.ActiveCfg = Release|Any CPU
		{9A3582BC-C1C6-444D-835C-C434A0CF23EE}.Release|Any CPU.Build.0 = Release|Any CPU
		{89DFFB65-D96F-46FD-9413-559933F8FCCC}.Debug|Any CPU.ActiveCfg = Debug|Any CPU
		{89DFFB65-D96F-46FD-9413-559933F8FCCC}.Debug|Any CPU.Build.0 = Debug|Any CPU
		{89DFFB65-D96F-46FD-9413-559933F8FCCC}.Release|Any CPU.ActiveCfg = Release|Any CPU
		{89DFFB65-D96F-46FD-9413-559933F8FCCC}.Release|Any CPU.Build.0 = Release|Any CPU
		{BB4E5ACB-6E70-4050-B217-B3EDA9D4F0E6}.Debug|Any CPU.ActiveCfg = Debug|Any CPU
		{BB4E5ACB-6E70-4050-B217-B3EDA9D4F0E6}.Debug|Any CPU.Build.0 = Debug|Any CPU
		{BB4E5ACB-6E70-4050-B217-B3EDA9D4F0E6}.Release|Any CPU.ActiveCfg = Release|Any CPU
		{BB4E5ACB-6E70-4050-B217-B3EDA9D4F0E6}.Release|Any CPU.Build.0 = Release|Any CPU
	EndGlobalSection
	GlobalSection(SolutionProperties) = preSolution
		HideSolutionNode = FALSE
	EndGlobalSection
	GlobalSection(NestedProjects) = preSolution
		{9A3582BC-C1C6-444D-835C-C434A0CF23EE} = {9085828B-455B-48FE-8341-BE8FDF90876A}
		{89DFFB65-D96F-46FD-9413-559933F8FCCC} = {9085828B-455B-48FE-8341-BE8FDF90876A}
		{BB4E5ACB-6E70-4050-B217-B3EDA9D4F0E6} = {9085828B-455B-48FE-8341-BE8FDF90876A}
	EndGlobalSection
	GlobalSection(ExtensibilityGlobals) = postSolution
		SolutionGuid = {DD730BC0-429E-452D-9759-3639493C732F}
	EndGlobalSection
EndGlobal
